
Microsoft Visual Studio Solution File, Format Version 12.00
# Visual Studio Version 17
VisualStudioVersion = 17.10.35122.118
MinimumVisualStudioVersion = 10.0.40219.1
Project("{FAE04EC0-301F-11D3-BF4B-00C04F79EFBC}") = "caculator", "caculator\caculator.csproj", "{DCABA788-D74E-4A0A-9000-5E6D0F4A4DAD}"
EndProject
Global
	GlobalSection(SolutionConfigurationPlatforms) = preSolution
		Debug|Any CPU = Debug|Any CPU
		Release|Any CPU = Release|Any CPU
	EndGlobalSection
	GlobalSection(ProjectConfigurationPlatforms) = postSolution
		{DCABA788-D74E-4A0A-9000-5E6D0F4A4DAD}.Debug|Any CPU.ActiveCfg = Debug|Any CPU
		{DCABA788-D74E-4A0A-9000-5E6D0F4A4DAD}.Debug|Any CPU.Build.0 = Debug|Any CPU
		{DCABA788-D74E-4A0A-9000-5E6D0F4A4DAD}.Release|Any CPU.ActiveCfg = Release|Any CPU
		{DCABA788-D74E-4A0A-9000-5E6D0F4A4DAD}.Release|Any CPU.Build.0 = Release|Any CPU
	EndGlobalSection
	GlobalSection(SolutionProperties) = preSolution
		HideSolutionNode = FALSE
	EndGlobalSection
	GlobalSection(ExtensibilityGlobals) = postSolution
		SolutionGuid = {88124E2F-5FE7-4EA5-BDE8-DD22425DD2D8}
	EndGlobalSection
EndGlobal
